
Microsoft Visual Studio Solution File, Format Version 12.00
# Visual Studio Version 16
VisualStudioVersion = 16.0.32413.511
MinimumVisualStudioVersion = 10.0.40219.1
Project("{FAE04EC0-301F-11D3-BF4B-00C04F79EFBC}") = "Edit_Contact", "Edit_Contact\Edit_Contact.csproj", "{4216414E-66E9-479F-8AED-0F868F7211D8}"
EndProject
Global
	GlobalSection(SolutionConfigurationPlatforms) = preSolution
		Debug|Any CPU = Debug|Any CPU
		Release|Any CPU = Release|Any CPU
	EndGlobalSection
	GlobalSection(ProjectConfigurationPlatforms) = postSolution
		{4216414E-66E9-479F-8AED-0F868F7211D8}.Debug|Any CPU.ActiveCfg = Debug|Any CPU
		{4216414E-66E9-479F-8AED-0F868F7211D8}.Debug|Any CPU.Build.0 = Debug|Any CPU
		{4216414E-66E9-479F-8AED-0F868F7211D8}.Release|Any CPU.ActiveCfg = Release|Any CPU
		{4216414E-66E9-479F-8AED-0F868F7211D8}.Release|Any CPU.Build.0 = Release|Any CPU
	EndGlobalSection
	GlobalSection(SolutionProperties) = preSolution
		HideSolutionNode = FALSE
	EndGlobalSection
	GlobalSection(ExtensibilityGlobals) = postSolution
		SolutionGuid = {D496CB65-BB97-4F3B-B397-2192E23E45FC}
	EndGlobalSection
EndGlobal
